
Microsoft Visual Studio Solution File, Format Version 12.00
# Visual Studio Version 17
VisualStudioVersion = 17.1.32407.343
MinimumVisualStudioVersion = 10.0.40219.1
Project("{9A19103F-16F7-4668-BE54-9A1E7A4F7556}") = "LinkNodeProject", "src\LinkNodeProject\LinkNodeProject.csproj", "{EECEB0FF-AB68-4C73-9C3D-F1EE81ACE537}"
EndProject
Project("{9A19103F-16F7-4668-BE54-9A1E7A4F7556}") = "ArrProject", "src\arrProject\ArrProject.csproj", "{150ED657-6A0B-4C27-A6D7-C5F58F49881F}"
EndProject
Project("{9A19103F-16F7-4668-BE54-9A1E7A4F7556}") = "SQProject", "src\SQProject\SQProject.csproj", "{0F79ABC6-4794-40A4-8B09-AA3719B1C0AD}"
EndProject
Project("{9A19103F-16F7-4668-BE54-9A1E7A4F7556}") = "TreeProject", "src\TreeProject\TreeProject.csproj", "{0F582D12-5881-457C-8CCB-0D379E205B08}"
EndProject
Project("{9A19103F-16F7-4668-BE54-9A1E7A4F7556}") = "ExprTest", "src\ExprTest\ExprTest.csproj", "{272B18C4-37CC-447C-B2BF-9A137D1D0935}"
EndProject
Project("{9A19103F-16F7-4668-BE54-9A1E7A4F7556}") = "PartitionTest", "src\PartitionTest\PartitionTest.csproj", "{8A207787-3904-4DBD-B071-4FD614C3B035}"
EndProject
Project("{9A19103F-16F7-4668-BE54-9A1E7A4F7556}") = "MatrixProject", "src\MatrixProject\MatrixProject.csproj", "{F6DBC71A-3983-4B83-80EA-3E122B236A84}"
EndProject
Project("{9A19103F-16F7-4668-BE54-9A1E7A4F7556}") = "BitProject", "src\BitProject\BitProject.csproj", "{74D4DA3A-121F-40D2-AA9C-3AE753B89E20}"
EndProject
Project("{9A19103F-16F7-4668-BE54-9A1E7A4F7556}") = "DesignPatternStudy", "src\DesignPatternStudy\DesignPatternStudy.csproj", "{47C3CE11-02DD-4E8E-81CB-44BA88BAA547}"
EndProject
Project("{2150E333-8FDC-42A3-9474-1A3956D46DE8}") = "DataStructure", "DataStructure", "{421B974A-FBD3-4508-8333-D75114C28FD4}"
EndProject
Project("{2150E333-8FDC-42A3-9474-1A3956D46DE8}") = "Design", "Design", "{3D32C7BA-8EEB-4FFD-81A8-7A2924EF4881}"
EndProject
Project("{9A19103F-16F7-4668-BE54-9A1E7A4F7556}") = "SortTest", "src\SortTest\SortTest.csproj", "{98AB451D-C842-4179-B30C-248F3FB0AF8D}"
EndProject
Project("{2150E333-8FDC-42A3-9474-1A3956D46DE8}") = "Basic", "Basic", "{7D530AEE-F676-482B-8781-526C8098A395}"
EndProject
Project("{9A19103F-16F7-4668-BE54-9A1E7A4F7556}") = "LinearOrNoneTest", "src\LinearTest\LinearOrNoneTest.csproj", "{C30335AC-64AF-4DAA-8F82-DAE06FC6B360}"
EndProject
Project("{9A19103F-16F7-4668-BE54-9A1E7A4F7556}") = "GreedyTest", "src\GreedyTest\GreedyTest.csproj", "{7BE4C19E-F6D3-4B6C-BD2B-A224963E3455}"
EndProject
Project("{9A19103F-16F7-4668-BE54-9A1E7A4F7556}") = "RecurtionTest", "src\RecurtionTest\RecurtionTest.csproj", "{38FA618D-BFFF-475B-9AFA-6AB78F0CA112}"
EndProject
Project("{9A19103F-16F7-4668-BE54-9A1E7A4F7556}") = "EnumTest", "src\EnumTest\EnumTest.csproj", "{E1F62BC3-4BB7-4D32-AE1E-433430A9E0F6}"
EndProject
Project("{2150E333-8FDC-42A3-9474-1A3956D46DE8}") = "ThroughOutIn20", "ThroughOutIn20", "{84FCE868-94CB-4871-B018-5527100E127F}"
EndProject
Project("{9A19103F-16F7-4668-BE54-9A1E7A4F7556}") = "ThroughOut", "src\ThroughOut\ThroughOut.csproj", "{90EE1C5A-F50E-4F72-9C3C-EE5C6EFFDB41}"
EndProject
Project("{9A19103F-16F7-4668-BE54-9A1E7A4F7556}") = "MockTest", "src\MockTest\MockTest.csproj", "{CD817CBE-FBA0-4361-83B8-C48530007705}"
EndProject
Project("{9A19103F-16F7-4668-BE54-9A1E7A4F7556}") = "MyTest", "src\MyTest\MyTest.csproj", "{B26753DE-A02B-4F2E-84FA-FD02F5D0ADE6}"
EndProject
Project("{9A19103F-16F7-4668-BE54-9A1E7A4F7556}") = "ThroughOut1", "src\ThroughOut1\ThroughOut1.csproj", "{A0AA475A-2BC2-40B2-9677-F6E02AF754A9}"
EndProject
Project("{9A19103F-16F7-4668-BE54-9A1E7A4F7556}") = "CDS", "CommonDS\CDS.csproj", "{55F8276B-2C89-4398-83DC-EBEA801CD664}"
EndProject
Global
	GlobalSection(SolutionConfigurationPlatforms) = preSolution
		Debug|Any CPU = Debug|Any CPU
		Release|Any CPU = Release|Any CPU
	EndGlobalSection
	GlobalSection(ProjectConfigurationPlatforms) = postSolution
		{EECEB0FF-AB68-4C73-9C3D-F1EE81ACE537}.Debug|Any CPU.ActiveCfg = Debug|Any CPU
		{EECEB0FF-AB68-4C73-9C3D-F1EE81ACE537}.Debug|Any CPU.Build.0 = Debug|Any CPU
		{EECEB0FF-AB68-4C73-9C3D-F1EE81ACE537}.Release|Any CPU.ActiveCfg = Release|Any CPU
		{EECEB0FF-AB68-4C73-9C3D-F1EE81ACE537}.Release|Any CPU.Build.0 = Release|Any CPU
		{150ED657-6A0B-4C27-A6D7-C5F58F49881F}.Debug|Any CPU.ActiveCfg = Debug|Any CPU
		{150ED657-6A0B-4C27-A6D7-C5F58F49881F}.Debug|Any CPU.Build.0 = Debug|Any CPU
		{150ED657-6A0B-4C27-A6D7-C5F58F49881F}.Release|Any CPU.ActiveCfg = Release|Any CPU
		{150ED657-6A0B-4C27-A6D7-C5F58F49881F}.Release|Any CPU.Build.0 = Release|Any CPU
		{0F79ABC6-4794-40A4-8B09-AA3719B1C0AD}.Debug|Any CPU.ActiveCfg = Debug|Any CPU
		{0F79ABC6-4794-40A4-8B09-AA3719B1C0AD}.Debug|Any CPU.Build.0 = Debug|Any CPU
		{0F79ABC6-4794-40A4-8B09-AA3719B1C0AD}.Release|Any CPU.ActiveCfg = Release|Any CPU
		{0F79ABC6-4794-40A4-8B09-AA3719B1C0AD}.Release|Any CPU.Build.0 = Release|Any CPU
		{0F582D12-5881-457C-8CCB-0D379E205B08}.Debug|Any CPU.ActiveCfg = Debug|Any CPU
		{0F582D12-5881-457C-8CCB-0D379E205B08}.Debug|Any CPU.Build.0 = Debug|Any CPU
		{0F582D12-5881-457C-8CCB-0D379E205B08}.Release|Any CPU.ActiveCfg = Release|Any CPU
		{0F582D12-5881-457C-8CCB-0D379E205B08}.Release|Any CPU.Build.0 = Release|Any CPU
		{272B18C4-37CC-447C-B2BF-9A137D1D0935}.Debug|Any CPU.ActiveCfg = Debug|Any CPU
		{272B18C4-37CC-447C-B2BF-9A137D1D0935}.Debug|Any CPU.Build.0 = Debug|Any CPU
		{272B18C4-37CC-447C-B2BF-9A137D1D0935}.Release|Any CPU.ActiveCfg = Release|Any CPU
		{272B18C4-37CC-447C-B2BF-9A137D1D0935}.Release|Any CPU.Build.0 = Release|Any CPU
		{8A207787-3904-4DBD-B071-4FD614C3B035}.Debug|Any CPU.ActiveCfg = Debug|Any CPU
		{8A207787-3904-4DBD-B071-4FD614C3B035}.Debug|Any CPU.Build.0 = Debug|Any CPU
		{8A207787-3904-4DBD-B071-4FD614C3B035}.Release|Any CPU.ActiveCfg = Release|Any CPU
		{8A207787-3904-4DBD-B071-4FD614C3B035}.Release|Any CPU.Build.0 = Release|Any CPU
		{F6DBC71A-3983-4B83-80EA-3E122B236A84}.Debug|Any CPU.ActiveCfg = Debug|Any CPU
		{F6DBC71A-3983-4B83-80EA-3E122B236A84}.Debug|Any CPU.Build.0 = Debug|Any CPU
		{F6DBC71A-3983-4B83-80EA-3E122B236A84}.Release|Any CPU.ActiveCfg = Release|Any CPU
		{F6DBC71A-3983-4B83-80EA-3E122B236A84}.Release|Any CPU.Build.0 = Release|Any CPU
		{74D4DA3A-121F-40D2-AA9C-3AE753B89E20}.Debug|Any CPU.ActiveCfg = Debug|Any CPU
		{74D4DA3A-121F-40D2-AA9C-3AE753B89E20}.Debug|Any CPU.Build.0 = Debug|Any CPU
		{74D4DA3A-121F-40D2-AA9C-3AE753B89E20}.Release|Any CPU.ActiveCfg = Release|Any CPU
		{74D4DA3A-121F-40D2-AA9C-3AE753B89E20}.Release|Any CPU.Build.0 = Release|Any CPU
		{47C3CE11-02DD-4E8E-81CB-44BA88BAA547}.Debug|Any CPU.ActiveCfg = Debug|Any CPU
		{47C3CE11-02DD-4E8E-81CB-44BA88BAA547}.Debug|Any CPU.Build.0 = Debug|Any CPU
		{47C3CE11-02DD-4E8E-81CB-44BA88BAA547}.Release|Any CPU.ActiveCfg = Release|Any CPU
		{47C3CE11-02DD-4E8E-81CB-44BA88BAA547}.Release|Any CPU.Build.0 = Release|Any CPU
		{98AB451D-C842-4179-B30C-248F3FB0AF8D}.Debug|Any CPU.ActiveCfg = Debug|Any CPU
		{98AB451D-C842-4179-B30C-248F3FB0AF8D}.Debug|Any CPU.Build.0 = Debug|Any CPU
		{98AB451D-C842-4179-B30C-248F3FB0AF8D}.Release|Any CPU.ActiveCfg = Release|Any CPU
		{98AB451D-C842-4179-B30C-248F3FB0AF8D}.Release|Any CPU.Build.0 = Release|Any CPU
		{C30335AC-64AF-4DAA-8F82-DAE06FC6B360}.Debug|Any CPU.ActiveCfg = Debug|Any CPU
		{C30335AC-64AF-4DAA-8F82-DAE06FC6B360}.Debug|Any CPU.Build.0 = Debug|Any CPU
		{C30335AC-64AF-4DAA-8F82-DAE06FC6B360}.Release|Any CPU.ActiveCfg = Release|Any CPU
		{C30335AC-64AF-4DAA-8F82-DAE06FC6B360}.Release|Any CPU.Build.0 = Release|Any CPU
		{7BE4C19E-F6D3-4B6C-BD2B-A224963E3455}.Debug|Any CPU.ActiveCfg = Debug|Any CPU
		{7BE4C19E-F6D3-4B6C-BD2B-A224963E3455}.Debug|Any CPU.Build.0 = Debug|Any CPU
		{7BE4C19E-F6D3-4B6C-BD2B-A224963E3455}.Release|Any CPU.ActiveCfg = Release|Any CPU
		{7BE4C19E-F6D3-4B6C-BD2B-A224963E3455}.Release|Any CPU.Build.0 = Release|Any CPU
		{38FA618D-BFFF-475B-9AFA-6AB78F0CA112}.Debug|Any CPU.ActiveCfg = Debug|Any CPU
		{38FA618D-BFFF-475B-9AFA-6AB78F0CA112}.Debug|Any CPU.Build.0 = Debug|Any CPU
		{38FA618D-BFFF-475B-9AFA-6AB78F0CA112}.Release|Any CPU.ActiveCfg = Release|Any CPU
		{38FA618D-BFFF-475B-9AFA-6AB78F0CA112}.Release|Any CPU.Build.0 = Release|Any CPU
		{E1F62BC3-4BB7-4D32-AE1E-433430A9E0F6}.Debug|Any CPU.ActiveCfg = Debug|Any CPU
		{E1F62BC3-4BB7-4D32-AE1E-433430A9E0F6}.Debug|Any CPU.Build.0 = Debug|Any CPU
		{E1F62BC3-4BB7-4D32-AE1E-433430A9E0F6}.Release|Any CPU.ActiveCfg = Release|Any CPU
		{E1F62BC3-4BB7-4D32-AE1E-433430A9E0F6}.Release|Any CPU.Build.0 = Release|Any CPU
		{90EE1C5A-F50E-4F72-9C3C-EE5C6EFFDB41}.Debug|Any CPU.ActiveCfg = Debug|Any CPU
		{90EE1C5A-F50E-4F72-9C3C-EE5C6EFFDB41}.Debug|Any CPU.Build.0 = Debug|Any CPU
		{90EE1C5A-F50E-4F72-9C3C-EE5C6EFFDB41}.Release|Any CPU.ActiveCfg = Release|Any CPU
		{90EE1C5A-F50E-4F72-9C3C-EE5C6EFFDB41}.Release|Any CPU.Build.0 = Release|Any CPU
		{CD817CBE-FBA0-4361-83B8-C48530007705}.Debug|Any CPU.ActiveCfg = Debug|Any CPU
		{CD817CBE-FBA0-4361-83B8-C48530007705}.Debug|Any CPU.Build.0 = Debug|Any CPU
		{CD817CBE-FBA0-4361-83B8-C48530007705}.Release|Any CPU.ActiveCfg = Release|Any CPU
		{CD817CBE-FBA0-4361-83B8-C48530007705}.Release|Any CPU.Build.0 = Release|Any CPU
		{B26753DE-A02B-4F2E-84FA-FD02F5D0ADE6}.Debug|Any CPU.ActiveCfg = Debug|Any CPU
		{B26753DE-A02B-4F2E-84FA-FD02F5D0ADE6}.Debug|Any CPU.Build.0 = Debug|Any CPU
		{B26753DE-A02B-4F2E-84FA-FD02F5D0ADE6}.Release|Any CPU.ActiveCfg = Release|Any CPU
		{B26753DE-A02B-4F2E-84FA-FD02F5D0ADE6}.Release|Any CPU.Build.0 = Release|Any CPU
		{A0AA475A-2BC2-40B2-9677-F6E02AF754A9}.Debug|Any CPU.ActiveCfg = Debug|Any CPU
		{A0AA475A-2BC2-40B2-9677-F6E02AF754A9}.Debug|Any CPU.Build.0 = Debug|Any CPU
		{A0AA475A-2BC2-40B2-9677-F6E02AF754A9}.Release|Any CPU.ActiveCfg = Release|Any CPU
		{A0AA475A-2BC2-40B2-9677-F6E02AF754A9}.Release|Any CPU.Build.0 = Release|Any CPU
		{55F8276B-2C89-4398-83DC-EBEA801CD664}.Debug|Any CPU.ActiveCfg = Debug|Any CPU
		{55F8276B-2C89-4398-83DC-EBEA801CD664}.Debug|Any CPU.Build.0 = Debug|Any CPU
		{55F8276B-2C89-4398-83DC-EBEA801CD664}.Release|Any CPU.ActiveCfg = Release|Any CPU
		{55F8276B-2C89-4398-83DC-EBEA801CD664}.Release|Any CPU.Build.0 = Release|Any CPU
	EndGlobalSection
	GlobalSection(SolutionProperties) = preSolution
		HideSolutionNode = FALSE
	EndGlobalSection
	GlobalSection(NestedProjects) = preSolution
		{EECEB0FF-AB68-4C73-9C3D-F1EE81ACE537} = {421B974A-FBD3-4508-8333-D75114C28FD4}
		{150ED657-6A0B-4C27-A6D7-C5F58F49881F} = {421B974A-FBD3-4508-8333-D75114C28FD4}
		{0F79ABC6-4794-40A4-8B09-AA3719B1C0AD} = {421B974A-FBD3-4508-8333-D75114C28FD4}
		{0F582D12-5881-457C-8CCB-0D379E205B08} = {421B974A-FBD3-4508-8333-D75114C28FD4}
		{272B18C4-37CC-447C-B2BF-9A137D1D0935} = {421B974A-FBD3-4508-8333-D75114C28FD4}
		{8A207787-3904-4DBD-B071-4FD614C3B035} = {421B974A-FBD3-4508-8333-D75114C28FD4}
		{F6DBC71A-3983-4B83-80EA-3E122B236A84} = {421B974A-FBD3-4508-8333-D75114C28FD4}
		{74D4DA3A-121F-40D2-AA9C-3AE753B89E20} = {421B974A-FBD3-4508-8333-D75114C28FD4}
		{47C3CE11-02DD-4E8E-81CB-44BA88BAA547} = {3D32C7BA-8EEB-4FFD-81A8-7A2924EF4881}
		{98AB451D-C842-4179-B30C-248F3FB0AF8D} = {7D530AEE-F676-482B-8781-526C8098A395}
		{7D530AEE-F676-482B-8781-526C8098A395} = {421B974A-FBD3-4508-8333-D75114C28FD4}
		{C30335AC-64AF-4DAA-8F82-DAE06FC6B360} = {7D530AEE-F676-482B-8781-526C8098A395}
		{7BE4C19E-F6D3-4B6C-BD2B-A224963E3455} = {7D530AEE-F676-482B-8781-526C8098A395}
		{38FA618D-BFFF-475B-9AFA-6AB78F0CA112} = {7D530AEE-F676-482B-8781-526C8098A395}
		{E1F62BC3-4BB7-4D32-AE1E-433430A9E0F6} = {7D530AEE-F676-482B-8781-526C8098A395}
		{90EE1C5A-F50E-4F72-9C3C-EE5C6EFFDB41} = {84FCE868-94CB-4871-B018-5527100E127F}
		{CD817CBE-FBA0-4361-83B8-C48530007705} = {84FCE868-94CB-4871-B018-5527100E127F}
		{B26753DE-A02B-4F2E-84FA-FD02F5D0ADE6} = {84FCE868-94CB-4871-B018-5527100E127F}
		{A0AA475A-2BC2-40B2-9677-F6E02AF754A9} = {84FCE868-94CB-4871-B018-5527100E127F}
		{55F8276B-2C89-4398-83DC-EBEA801CD664} = {84FCE868-94CB-4871-B018-5527100E127F}
	EndGlobalSection
	GlobalSection(ExtensibilityGlobals) = postSolution
		SolutionGuid = {B1AF99F1-51C3-4E7F-8407-0059B135162E}
	EndGlobalSection
EndGlobal
