
Microsoft Visual Studio Solution File, Format Version 12.00
# Visual Studio Version 17
VisualStudioVersion = 17.0.31903.59
MinimumVisualStudioVersion = 10.0.40219.1
Project("{FAE04EC0-301F-11D3-BF4B-00C04F79EFBC}") = "vs2022TestConsole", "vs2022Test\vs2022TestConsole.csproj", "{A25F9698-AAEB-4AFB-9D44-903000B1C49D}"
EndProject
Project("{FAE04EC0-301F-11D3-BF4B-00C04F79EFBC}") = "StringLibrary", "StringLibrary\StringLibrary.csproj", "{2959ADB4-C23A-4188-9446-A4EFE8D64B54}"
EndProject
Project("{FAE04EC0-301F-11D3-BF4B-00C04F79EFBC}") = "StringLibraryTest", "StringLibraryTest\StringLibraryTest.csproj", "{BD648D8A-4DAC-47F1-B46A-4C19E7B3E9C6}"
EndProject
Global
	GlobalSection(SolutionConfigurationPlatforms) = preSolution
		Debug|Any CPU = Debug|Any CPU
		Release|Any CPU = Release|Any CPU
	EndGlobalSection
	GlobalSection(ProjectConfigurationPlatforms) = postSolution
		{A25F9698-AAEB-4AFB-9D44-903000B1C49D}.Debug|Any CPU.ActiveCfg = Debug|Any CPU
		{A25F9698-AAEB-4AFB-9D44-903000B1C49D}.Debug|Any CPU.Build.0 = Debug|Any CPU
		{A25F9698-AAEB-4AFB-9D44-903000B1C49D}.Release|Any CPU.ActiveCfg = Release|Any CPU
		{A25F9698-AAEB-4AFB-9D44-903000B1C49D}.Release|Any CPU.Build.0 = Release|Any CPU
		{2959ADB4-C23A-4188-9446-A4EFE8D64B54}.Debug|Any CPU.ActiveCfg = Debug|Any CPU
		{2959ADB4-C23A-4188-9446-A4EFE8D64B54}.Debug|Any CPU.Build.0 = Debug|Any CPU
		{2959ADB4-C23A-4188-9446-A4EFE8D64B54}.Release|Any CPU.ActiveCfg = Release|Any CPU
		{2959ADB4-C23A-4188-9446-A4EFE8D64B54}.Release|Any CPU.Build.0 = Release|Any CPU
		{BD648D8A-4DAC-47F1-B46A-4C19E7B3E9C6}.Debug|Any CPU.ActiveCfg = Debug|Any CPU
		{BD648D8A-4DAC-47F1-B46A-4C19E7B3E9C6}.Debug|Any CPU.Build.0 = Debug|Any CPU
		{BD648D8A-4DAC-47F1-B46A-4C19E7B3E9C6}.Release|Any CPU.ActiveCfg = Release|Any CPU
		{BD648D8A-4DAC-47F1-B46A-4C19E7B3E9C6}.Release|Any CPU.Build.0 = Release|Any CPU
	EndGlobalSection
	GlobalSection(SolutionProperties) = preSolution
		HideSolutionNode = FALSE
	EndGlobalSection
	GlobalSection(ExtensibilityGlobals) = postSolution
		SolutionGuid = {8B47C096-3E08-4875-935D-D41D797616E9}
	EndGlobalSection
EndGlobal
